
Microsoft Visual Studio Solution File, Format Version 11.00
# Visual C# Express 2010
Project("{FAE04EC0-301F-11D3-BF4B-00C04F79EFBC}") = "ExpressUnit", "ExpressUnit.csproj", "{8311BA32-394F-4469-822B-4EFA9272B688}"
EndProject
Project("{FAE04EC0-301F-11D3-BF4B-00C04F79EFBC}") = "ExpressUnitGui", "..\ExpressUnitGui\ExpressUnitGui.csproj", "{1E3637E3-E598-434D-BF45-8861A20A320A}"
EndProject
Project("{FAE04EC0-301F-11D3-BF4B-00C04F79EFBC}") = "ExpressUnitTester", "..\UnitTester\ExpressUnitTester.csproj", "{BDC481D8-64F2-4666-A882-798771042896}"
EndProject
Project("{FAE04EC0-301F-11D3-BF4B-00C04F79EFBC}") = "ExpressUnitModel", "..\ExpressUnitModel\ExpressUnitModel.csproj", "{C67F0F9D-5E19-4485-ABAD-EFD059712159}"
EndProject
Project("{FAE04EC0-301F-11D3-BF4B-00C04F79EFBC}") = "ExpressUnitViewModel", "..\ExpressUnitViewModel\ExpressUnitViewModel.csproj", "{E71EFBAF-5097-4D2C-9F32-8B3E70A54309}"
EndProject
Global
	GlobalSection(SolutionConfigurationPlatforms) = preSolution
		Debug|Any CPU = Debug|Any CPU
		Release|Any CPU = Release|Any CPU
	EndGlobalSection
	GlobalSection(ProjectConfigurationPlatforms) = postSolution
		{8311BA32-394F-4469-822B-4EFA9272B688}.Debug|Any CPU.ActiveCfg = Debug|Any CPU
		{8311BA32-394F-4469-822B-4EFA9272B688}.Debug|Any CPU.Build.0 = Debug|Any CPU
		{8311BA32-394F-4469-822B-4EFA9272B688}.Release|Any CPU.ActiveCfg = Release|Any CPU
		{8311BA32-394F-4469-822B-4EFA9272B688}.Release|Any CPU.Build.0 = Release|Any CPU
		{1E3637E3-E598-434D-BF45-8861A20A320A}.Debug|Any CPU.ActiveCfg = Debug|Any CPU
		{1E3637E3-E598-434D-BF45-8861A20A320A}.Debug|Any CPU.Build.0 = Debug|Any CPU
		{1E3637E3-E598-434D-BF45-8861A20A320A}.Release|Any CPU.ActiveCfg = Release|Any CPU
		{1E3637E3-E598-434D-BF45-8861A20A320A}.Release|Any CPU.Build.0 = Release|Any CPU
		{BDC481D8-64F2-4666-A882-798771042896}.Debug|Any CPU.ActiveCfg = Debug|Any CPU
		{BDC481D8-64F2-4666-A882-798771042896}.Debug|Any CPU.Build.0 = Debug|Any CPU
		{BDC481D8-64F2-4666-A882-798771042896}.Release|Any CPU.ActiveCfg = Release|Any CPU
		{BDC481D8-64F2-4666-A882-798771042896}.Release|Any CPU.Build.0 = Release|Any CPU
		{C67F0F9D-5E19-4485-ABAD-EFD059712159}.Debug|Any CPU.ActiveCfg = Debug|Any CPU
		{C67F0F9D-5E19-4485-ABAD-EFD059712159}.Debug|Any CPU.Build.0 = Debug|Any CPU
		{C67F0F9D-5E19-4485-ABAD-EFD059712159}.Release|Any CPU.ActiveCfg = Release|Any CPU
		{C67F0F9D-5E19-4485-ABAD-EFD059712159}.Release|Any CPU.Build.0 = Release|Any CPU
		{E71EFBAF-5097-4D2C-9F32-8B3E70A54309}.Debug|Any CPU.ActiveCfg = Debug|Any CPU
		{E71EFBAF-5097-4D2C-9F32-8B3E70A54309}.Debug|Any CPU.Build.0 = Debug|Any CPU
		{E71EFBAF-5097-4D2C-9F32-8B3E70A54309}.Release|Any CPU.ActiveCfg = Release|Any CPU
		{E71EFBAF-5097-4D2C-9F32-8B3E70A54309}.Release|Any CPU.Build.0 = Release|Any CPU
	EndGlobalSection
	GlobalSection(SolutionProperties) = preSolution
		HideSolutionNode = FALSE
	EndGlobalSection
EndGlobal
